
Microsoft Visual Studio Solution File, Format Version 12.00
# Visual Studio 15
VisualStudioVersion = 15.0.27004.2006
MinimumVisualStudioVersion = 10.0.40219.1
Project("{FAE04EC0-301F-11D3-BF4B-00C04F79EFBC}") = "Forum.Data", "Forum.Data\Forum.Data.csproj", "{C651DA47-AE20-4E00-A5B6-400EA27FDFF4}"
EndProject
Project("{FAE04EC0-301F-11D3-BF4B-00C04F79EFBC}") = "Forum.Models", "Forum.Models\Forum.Models.csproj", "{4DD3C6E4-D7F7-49FA-9821-49A2114CC19B}"
EndProject
Project("{FAE04EC0-301F-11D3-BF4B-00C04F79EFBC}") = "Forum.App", "Forum.App\Forum.App.csproj", "{68429E50-A7DE-4846-A2EC-130330EE0AC0}"
EndProject
Project("{FAE04EC0-301F-11D3-BF4B-00C04F79EFBC}") = "Forum.Services", "Forum.Services\Forum.Services.csproj", "{59632C83-6644-4670-AB1C-32AA6D8F3B20}"
EndProject
Global
	GlobalSection(SolutionConfigurationPlatforms) = preSolution
		Debug|Any CPU = Debug|Any CPU
		Release|Any CPU = Release|Any CPU
	EndGlobalSection
	GlobalSection(ProjectConfigurationPlatforms) = postSolution
		{C651DA47-AE20-4E00-A5B6-400EA27FDFF4}.Debug|Any CPU.ActiveCfg = Debug|Any CPU
		{C651DA47-AE20-4E00-A5B6-400EA27FDFF4}.Debug|Any CPU.Build.0 = Debug|Any CPU
		{C651DA47-AE20-4E00-A5B6-400EA27FDFF4}.Release|Any CPU.ActiveCfg = Release|Any CPU
		{C651DA47-AE20-4E00-A5B6-400EA27FDFF4}.Release|Any CPU.Build.0 = Release|Any CPU
		{4DD3C6E4-D7F7-49FA-9821-49A2114CC19B}.Debug|Any CPU.ActiveCfg = Debug|Any CPU
		{4DD3C6E4-D7F7-49FA-9821-49A2114CC19B}.Debug|Any CPU.Build.0 = Debug|Any CPU
		{4DD3C6E4-D7F7-49FA-9821-49A2114CC19B}.Release|Any CPU.ActiveCfg = Release|Any CPU
		{4DD3C6E4-D7F7-49FA-9821-49A2114CC19B}.Release|Any CPU.Build.0 = Release|Any CPU
		{68429E50-A7DE-4846-A2EC-130330EE0AC0}.Debug|Any CPU.ActiveCfg = Debug|Any CPU
		{68429E50-A7DE-4846-A2EC-130330EE0AC0}.Debug|Any CPU.Build.0 = Debug|Any CPU
		{68429E50-A7DE-4846-A2EC-130330EE0AC0}.Release|Any CPU.ActiveCfg = Release|Any CPU
		{68429E50-A7DE-4846-A2EC-130330EE0AC0}.Release|Any CPU.Build.0 = Release|Any CPU
		{59632C83-6644-4670-AB1C-32AA6D8F3B20}.Debug|Any CPU.ActiveCfg = Debug|Any CPU
		{59632C83-6644-4670-AB1C-32AA6D8F3B20}.Debug|Any CPU.Build.0 = Debug|Any CPU
		{59632C83-6644-4670-AB1C-32AA6D8F3B20}.Release|Any CPU.ActiveCfg = Release|Any CPU
		{59632C83-6644-4670-AB1C-32AA6D8F3B20}.Release|Any CPU.Build.0 = Release|Any CPU
	EndGlobalSection
	GlobalSection(SolutionProperties) = preSolution
		HideSolutionNode = FALSE
	EndGlobalSection
	GlobalSection(ExtensibilityGlobals) = postSolution
		SolutionGuid = {B462D230-1ACA-4C45-AD46-FAB3F4882E09}
	EndGlobalSection
EndGlobal
